
Microsoft Visual Studio Solution File, Format Version 12.00
# Visual Studio Version 17
VisualStudioVersion = 17.12.35707.178
MinimumVisualStudioVersion = 10.0.40219.1
Project("{FAE04EC0-301F-11D3-BF4B-00C04F79EFBC}") = "ApplicationWithDDD.Domain", "ApplicationWithDDD.Domain\ApplicationWithDDD.Domain.csproj", "{9D913463-F8A8-4B28-83C5-FA95BF79F8A4}"
EndProject
Project("{2150E333-8FDC-42A3-9474-1A3956D46DE8}") = "Shared", "Shared", "{B7C6D246-1697-4378-812D-B5C16B22AE0F}"
EndProject
Project("{FAE04EC0-301F-11D3-BF4B-00C04F79EFBC}") = "ApplicationWithDDD.Shared.Abstraction", "ApplicationWithDDD.Shared.Abstraction\ApplicationWithDDD.Shared.Abstraction.csproj", "{A60CD81A-67BA-4ED3-8FE5-5FE15AFCBB13}"
EndProject
Project("{2150E333-8FDC-42A3-9474-1A3956D46DE8}") = "Solution Items", "Solution Items", "{B773D74A-E5DD-43F5-A7EE-BCD638DA1595}"
	ProjectSection(SolutionItems) = preProject
		.gitignore = .gitignore
	EndProjectSection
EndProject
Project("{FAE04EC0-301F-11D3-BF4B-00C04F79EFBC}") = "ApplicationWithDDD.Application", "ApplicationWithDDD.Application\ApplicationWithDDD.Application.csproj", "{79D1DA29-AAED-4CC4-A5FC-AC5977E08752}"
EndProject
Project("{FAE04EC0-301F-11D3-BF4B-00C04F79EFBC}") = "ApplicationWithDDD.Infrastructure", "ApplicationWithDDD.Infrastructure\ApplicationWithDDD.Infrastructure.csproj", "{D6AD7591-6FCC-4F1C-9ABE-37DF937A43DA}"
EndProject
Project("{FAE04EC0-301F-11D3-BF4B-00C04F79EFBC}") = "ApplicationWithDDD.API", "ApplicationWithDDD.API\ApplicationWithDDD.API.csproj", "{08652C0F-6070-4C32-B594-DA0E464F0612}"
EndProject
Global
	GlobalSection(SolutionConfigurationPlatforms) = preSolution
		Debug|Any CPU = Debug|Any CPU
		Release|Any CPU = Release|Any CPU
	EndGlobalSection
	GlobalSection(ProjectConfigurationPlatforms) = postSolution
		{9D913463-F8A8-4B28-83C5-FA95BF79F8A4}.Debug|Any CPU.ActiveCfg = Debug|Any CPU
		{9D913463-F8A8-4B28-83C5-FA95BF79F8A4}.Debug|Any CPU.Build.0 = Debug|Any CPU
		{9D913463-F8A8-4B28-83C5-FA95BF79F8A4}.Release|Any CPU.ActiveCfg = Release|Any CPU
		{9D913463-F8A8-4B28-83C5-FA95BF79F8A4}.Release|Any CPU.Build.0 = Release|Any CPU
		{A60CD81A-67BA-4ED3-8FE5-5FE15AFCBB13}.Debug|Any CPU.ActiveCfg = Debug|Any CPU
		{A60CD81A-67BA-4ED3-8FE5-5FE15AFCBB13}.Debug|Any CPU.Build.0 = Debug|Any CPU
		{A60CD81A-67BA-4ED3-8FE5-5FE15AFCBB13}.Release|Any CPU.ActiveCfg = Release|Any CPU
		{A60CD81A-67BA-4ED3-8FE5-5FE15AFCBB13}.Release|Any CPU.Build.0 = Release|Any CPU
		{79D1DA29-AAED-4CC4-A5FC-AC5977E08752}.Debug|Any CPU.ActiveCfg = Debug|Any CPU
		{79D1DA29-AAED-4CC4-A5FC-AC5977E08752}.Debug|Any CPU.Build.0 = Debug|Any CPU
		{79D1DA29-AAED-4CC4-A5FC-AC5977E08752}.Release|Any CPU.ActiveCfg = Release|Any CPU
		{79D1DA29-AAED-4CC4-A5FC-AC5977E08752}.Release|Any CPU.Build.0 = Release|Any CPU
		{D6AD7591-6FCC-4F1C-9ABE-37DF937A43DA}.Debug|Any CPU.ActiveCfg = Debug|Any CPU
		{D6AD7591-6FCC-4F1C-9ABE-37DF937A43DA}.Debug|Any CPU.Build.0 = Debug|Any CPU
		{D6AD7591-6FCC-4F1C-9ABE-37DF937A43DA}.Release|Any CPU.ActiveCfg = Release|Any CPU
		{D6AD7591-6FCC-4F1C-9ABE-37DF937A43DA}.Release|Any CPU.Build.0 = Release|Any CPU
		{08652C0F-6070-4C32-B594-DA0E464F0612}.Debug|Any CPU.ActiveCfg = Debug|Any CPU
		{08652C0F-6070-4C32-B594-DA0E464F0612}.Debug|Any CPU.Build.0 = Debug|Any CPU
		{08652C0F-6070-4C32-B594-DA0E464F0612}.Release|Any CPU.ActiveCfg = Release|Any CPU
		{08652C0F-6070-4C32-B594-DA0E464F0612}.Release|Any CPU.Build.0 = Release|Any CPU
	EndGlobalSection
	GlobalSection(SolutionProperties) = preSolution
		HideSolutionNode = FALSE
	EndGlobalSection
	GlobalSection(NestedProjects) = preSolution
		{A60CD81A-67BA-4ED3-8FE5-5FE15AFCBB13} = {B7C6D246-1697-4378-812D-B5C16B22AE0F}
	EndGlobalSection
EndGlobal
